
Microsoft Visual Studio Solution File, Format Version 12.00
# Visual Studio Version 16
VisualStudioVersion = 16.0.33328.57
MinimumVisualStudioVersion = 10.0.40219.1
Project("{FAE04EC0-301F-11D3-BF4B-00C04F79EFBC}") = "kalkulatorDekstop", "kalkulatorDekstop.csproj", "{70CF0E49-323B-481E-8F2B-235D37FDB318}"
EndProject
Global
	GlobalSection(SolutionConfigurationPlatforms) = preSolution
		Debug|Any CPU = Debug|Any CPU
		Release|Any CPU = Release|Any CPU
	EndGlobalSection
	GlobalSection(ProjectConfigurationPlatforms) = postSolution
		{70CF0E49-323B-481E-8F2B-235D37FDB318}.Debug|Any CPU.ActiveCfg = Debug|Any CPU
		{70CF0E49-323B-481E-8F2B-235D37FDB318}.Debug|Any CPU.Build.0 = Debug|Any CPU
		{70CF0E49-323B-481E-8F2B-235D37FDB318}.Release|Any CPU.ActiveCfg = Release|Any CPU
		{70CF0E49-323B-481E-8F2B-235D37FDB318}.Release|Any CPU.Build.0 = Release|Any CPU
	EndGlobalSection
	GlobalSection(SolutionProperties) = preSolution
		HideSolutionNode = FALSE
	EndGlobalSection
	GlobalSection(ExtensibilityGlobals) = postSolution
		SolutionGuid = {9343F481-AF38-4189-98AC-359B3AA9CC33}
	EndGlobalSection
EndGlobal
